
Microsoft Visual Studio Solution File, Format Version 12.00
# Visual Studio Version 17
VisualStudioVersion = 17.13.35919.96
MinimumVisualStudioVersion = 10.0.40219.1
Project("{8BC9CEB8-8B4A-11D0-8D11-00A0C91BC942}") = "temp", "temp\temp.vcxproj", "{0F8988DA-4BBA-4EF1-B8DF-6009D803E3D1}"
EndProject
Project("{8BC9CEB8-8B4A-11D0-8D11-00A0C91BC942}") = "Class1th(variable&constant)", "Class1th(variable&constant)\Class1th(variable&constant).vcxproj", "{F60D52D1-2229-4D98-8902-5AE716F2FC92}"
EndProject
Project("{8BC9CEB8-8B4A-11D0-8D11-00A0C91BC942}") = "Class2th (bit)", "Class2th (bit)\Class2th (bit).vcxproj", "{EFE3FEC2-32BD-4D44-B400-C9E39F82E2F3}"
EndProject
Project("{8BC9CEB8-8B4A-11D0-8D11-00A0C91BC942}") = "Class3th (Loop Statement)", "Class3th (Loop Statement)\Class3th (Loop Statement).vcxproj", "{1C6B0007-6419-42D3-B90A-46E9A0904520}"
EndProject
Project("{8BC9CEB8-8B4A-11D0-8D11-00A0C91BC942}") = "Class4th(Conditional Statement)", "Class4th(Conditional Statement)\Class4th(Conditional Statement).vcxproj", "{1F496920-94A6-4523-95EF-A59C56F1C537}"
EndProject
Project("{8BC9CEB8-8B4A-11D0-8D11-00A0C91BC942}") = "Class5th(Type Corversion)", "Class5th(Type Corversion)\Class5th(Type Corversion).vcxproj", "{916EC362-E5D0-4681-8ABE-37DF1E011A08}"
EndProject
Project("{8BC9CEB8-8B4A-11D0-8D11-00A0C91BC942}") = "Class6th (Pointer)", "Class6th (Pointer)\Class6th (Pointer).vcxproj", "{D66DBDEA-5EA9-4375-820A-32DE2115B85E}"
EndProject
Project("{8BC9CEB8-8B4A-11D0-8D11-00A0C91BC942}") = "Class7th (Arrangement)", "Class7th (Arrangement)\Class7th (Arrangement).vcxproj", "{F4F57962-385D-47C3-9553-1D9B97903B00}"
EndProject
Global
	GlobalSection(SolutionConfigurationPlatforms) = preSolution
		Debug|x64 = Debug|x64
		Debug|x86 = Debug|x86
		Release|x64 = Release|x64
		Release|x86 = Release|x86
	EndGlobalSection
	GlobalSection(ProjectConfigurationPlatforms) = postSolution
		{0F8988DA-4BBA-4EF1-B8DF-6009D803E3D1}.Debug|x64.ActiveCfg = Debug|x64
		{0F8988DA-4BBA-4EF1-B8DF-6009D803E3D1}.Debug|x64.Build.0 = Debug|x64
		{0F8988DA-4BBA-4EF1-B8DF-6009D803E3D1}.Debug|x86.ActiveCfg = Debug|Win32
		{0F8988DA-4BBA-4EF1-B8DF-6009D803E3D1}.Debug|x86.Build.0 = Debug|Win32
		{0F8988DA-4BBA-4EF1-B8DF-6009D803E3D1}.Release|x64.ActiveCfg = Release|x64
		{0F8988DA-4BBA-4EF1-B8DF-6009D803E3D1}.Release|x64.Build.0 = Release|x64
		{0F8988DA-4BBA-4EF1-B8DF-6009D803E3D1}.Release|x86.ActiveCfg = Release|Win32
		{0F8988DA-4BBA-4EF1-B8DF-6009D803E3D1}.Release|x86.Build.0 = Release|Win32
		{F60D52D1-2229-4D98-8902-5AE716F2FC92}.Debug|x64.ActiveCfg = Debug|x64
		{F60D52D1-2229-4D98-8902-5AE716F2FC92}.Debug|x64.Build.0 = Debug|x64
		{F60D52D1-2229-4D98-8902-5AE716F2FC92}.Debug|x86.ActiveCfg = Debug|Win32
		{F60D52D1-2229-4D98-8902-5AE716F2FC92}.Debug|x86.Build.0 = Debug|Win32
		{F60D52D1-2229-4D98-8902-5AE716F2FC92}.Release|x64.ActiveCfg = Release|x64
		{F60D52D1-2229-4D98-8902-5AE716F2FC92}.Release|x64.Build.0 = Release|x64
		{F60D52D1-2229-4D98-8902-5AE716F2FC92}.Release|x86.ActiveCfg = Release|Win32
		{F60D52D1-2229-4D98-8902-5AE716F2FC92}.Release|x86.Build.0 = Release|Win32
		{EFE3FEC2-32BD-4D44-B400-C9E39F82E2F3}.Debug|x64.ActiveCfg = Debug|x64
		{EFE3FEC2-32BD-4D44-B400-C9E39F82E2F3}.Debug|x64.Build.0 = Debug|x64
		{EFE3FEC2-32BD-4D44-B400-C9E39F82E2F3}.Debug|x86.ActiveCfg = Debug|Win32
		{EFE3FEC2-32BD-4D44-B400-C9E39F82E2F3}.Debug|x86.Build.0 = Debug|Win32
		{EFE3FEC2-32BD-4D44-B400-C9E39F82E2F3}.Release|x64.ActiveCfg = Release|x64
		{EFE3FEC2-32BD-4D44-B400-C9E39F82E2F3}.Release|x64.Build.0 = Release|x64
		{EFE3FEC2-32BD-4D44-B400-C9E39F82E2F3}.Release|x86.ActiveCfg = Release|Win32
		{EFE3FEC2-32BD-4D44-B400-C9E39F82E2F3}.Release|x86.Build.0 = Release|Win32
		{1C6B0007-6419-42D3-B90A-46E9A0904520}.Debug|x64.ActiveCfg = Debug|x64
		{1C6B0007-6419-42D3-B90A-46E9A0904520}.Debug|x64.Build.0 = Debug|x64
		{1C6B0007-6419-42D3-B90A-46E9A0904520}.Debug|x86.ActiveCfg = Debug|Win32
		{1C6B0007-6419-42D3-B90A-46E9A0904520}.Debug|x86.Build.0 = Debug|Win32
		{1C6B0007-6419-42D3-B90A-46E9A0904520}.Release|x64.ActiveCfg = Release|x64
		{1C6B0007-6419-42D3-B90A-46E9A0904520}.Release|x64.Build.0 = Release|x64
		{1C6B0007-6419-42D3-B90A-46E9A0904520}.Release|x86.ActiveCfg = Release|Win32
		{1C6B0007-6419-42D3-B90A-46E9A0904520}.Release|x86.Build.0 = Release|Win32
		{1F496920-94A6-4523-95EF-A59C56F1C537}.Debug|x64.ActiveCfg = Debug|x64
		{1F496920-94A6-4523-95EF-A59C56F1C537}.Debug|x64.Build.0 = Debug|x64
		{1F496920-94A6-4523-95EF-A59C56F1C537}.Debug|x86.ActiveCfg = Debug|Win32
		{1F496920-94A6-4523-95EF-A59C56F1C537}.Debug|x86.Build.0 = Debug|Win32
		{1F496920-94A6-4523-95EF-A59C56F1C537}.Release|x64.ActiveCfg = Release|x64
		{1F496920-94A6-4523-95EF-A59C56F1C537}.Release|x64.Build.0 = Release|x64
		{1F496920-94A6-4523-95EF-A59C56F1C537}.Release|x86.ActiveCfg = Release|Win32
		{1F496920-94A6-4523-95EF-A59C56F1C537}.Release|x86.Build.0 = Release|Win32
		{916EC362-E5D0-4681-8ABE-37DF1E011A08}.Debug|x64.ActiveCfg = Debug|x64
		{916EC362-E5D0-4681-8ABE-37DF1E011A08}.Debug|x64.Build.0 = Debug|x64
		{916EC362-E5D0-4681-8ABE-37DF1E011A08}.Debug|x86.ActiveCfg = Debug|Win32
		{916EC362-E5D0-4681-8ABE-37DF1E011A08}.Debug|x86.Build.0 = Debug|Win32
		{916EC362-E5D0-4681-8ABE-37DF1E011A08}.Release|x64.ActiveCfg = Release|x64
		{916EC362-E5D0-4681-8ABE-37DF1E011A08}.Release|x64.Build.0 = Release|x64
		{916EC362-E5D0-4681-8ABE-37DF1E011A08}.Release|x86.ActiveCfg = Release|Win32
		{916EC362-E5D0-4681-8ABE-37DF1E011A08}.Release|x86.Build.0 = Release|Win32
		{D66DBDEA-5EA9-4375-820A-32DE2115B85E}.Debug|x64.ActiveCfg = Debug|x64
		{D66DBDEA-5EA9-4375-820A-32DE2115B85E}.Debug|x64.Build.0 = Debug|x64
		{D66DBDEA-5EA9-4375-820A-32DE2115B85E}.Debug|x86.ActiveCfg = Debug|Win32
		{D66DBDEA-5EA9-4375-820A-32DE2115B85E}.Debug|x86.Build.0 = Debug|Win32
		{D66DBDEA-5EA9-4375-820A-32DE2115B85E}.Release|x64.ActiveCfg = Release|x64
		{D66DBDEA-5EA9-4375-820A-32DE2115B85E}.Release|x64.Build.0 = Release|x64
		{D66DBDEA-5EA9-4375-820A-32DE2115B85E}.Release|x86.ActiveCfg = Release|Win32
		{D66DBDEA-5EA9-4375-820A-32DE2115B85E}.Release|x86.Build.0 = Release|Win32
		{F4F57962-385D-47C3-9553-1D9B97903B00}.Debug|x64.ActiveCfg = Debug|x64
		{F4F57962-385D-47C3-9553-1D9B97903B00}.Debug|x64.Build.0 = Debug|x64
		{F4F57962-385D-47C3-9553-1D9B97903B00}.Debug|x86.ActiveCfg = Debug|Win32
		{F4F57962-385D-47C3-9553-1D9B97903B00}.Debug|x86.Build.0 = Debug|Win32
		{F4F57962-385D-47C3-9553-1D9B97903B00}.Release|x64.ActiveCfg = Release|x64
		{F4F57962-385D-47C3-9553-1D9B97903B00}.Release|x64.Build.0 = Release|x64
		{F4F57962-385D-47C3-9553-1D9B97903B00}.Release|x86.ActiveCfg = Release|Win32
		{F4F57962-385D-47C3-9553-1D9B97903B00}.Release|x86.Build.0 = Release|Win32
	EndGlobalSection
	GlobalSection(SolutionProperties) = preSolution
		HideSolutionNode = FALSE
	EndGlobalSection
	GlobalSection(ExtensibilityGlobals) = postSolution
		SolutionGuid = {4D33D39C-9249-4D99-9A04-687F32D6C0AD}
	EndGlobalSection
EndGlobal
